
Microsoft Visual Studio Solution File, Format Version 12.00
# Visual Studio Version 17
VisualStudioVersion = 17.0.31903.59
MinimumVisualStudioVersion = 10.0.40219.1
Project("{2150E333-8FDC-42A3-9474-1A3956D46DE8}") = "src", "src", "{827E0CD3-B72D-47B6-A68D-7590B98EB39B}"
EndProject
Project("{FAE04EC0-301F-11D3-BF4B-00C04F79EFBC}") = "FA11y.UI", "src\FA11y.UI\FA11y.UI.csproj", "{4BB51C1D-9E2D-4F46-95DC-48D5B4A27D6A}"
EndProject
Project("{2150E333-8FDC-42A3-9474-1A3956D46DE8}") = "tests", "tests", "{0AB3BF05-4346-4AA6-1389-037BE0695223}"
EndProject
Project("{FAE04EC0-301F-11D3-BF4B-00C04F79EFBC}") = "FA11y.UI.Probe", "tests\FA11y.UI.Probe\FA11y.UI.Probe.csproj", "{A9013214-1A58-42FA-BAA1-13309B81EAAA}"
EndProject
Global
	GlobalSection(SolutionConfigurationPlatforms) = preSolution
		Debug|Any CPU = Debug|Any CPU
		Debug|x64 = Debug|x64
		Debug|x86 = Debug|x86
		Release|Any CPU = Release|Any CPU
		Release|x64 = Release|x64
		Release|x86 = Release|x86
	EndGlobalSection
	GlobalSection(ProjectConfigurationPlatforms) = postSolution
		{4BB51C1D-9E2D-4F46-95DC-48D5B4A27D6A}.Debug|Any CPU.ActiveCfg = Debug|Any CPU
		{4BB51C1D-9E2D-4F46-95DC-48D5B4A27D6A}.Debug|Any CPU.Build.0 = Debug|Any CPU
		{4BB51C1D-9E2D-4F46-95DC-48D5B4A27D6A}.Debug|x64.ActiveCfg = Debug|Any CPU
		{4BB51C1D-9E2D-4F46-95DC-48D5B4A27D6A}.Debug|x64.Build.0 = Debug|Any CPU
		{4BB51C1D-9E2D-4F46-95DC-48D5B4A27D6A}.Debug|x86.ActiveCfg = Debug|Any CPU
		{4BB51C1D-9E2D-4F46-95DC-48D5B4A27D6A}.Debug|x86.Build.0 = Debug|Any CPU
		{4BB51C1D-9E2D-4F46-95DC-48D5B4A27D6A}.Release|Any CPU.ActiveCfg = Release|Any CPU
		{4BB51C1D-9E2D-4F46-95DC-48D5B4A27D6A}.Release|Any CPU.Build.0 = Release|Any CPU
		{4BB51C1D-9E2D-4F46-95DC-48D5B4A27D6A}.Release|x64.ActiveCfg = Release|Any CPU
		{4BB51C1D-9E2D-4F46-95DC-48D5B4A27D6A}.Release|x64.Build.0 = Release|Any CPU
		{4BB51C1D-9E2D-4F46-95DC-48D5B4A27D6A}.Release|x86.ActiveCfg = Release|Any CPU
		{4BB51C1D-9E2D-4F46-95DC-48D5B4A27D6A}.Release|x86.Build.0 = Release|Any CPU
		{A9013214-1A58-42FA-BAA1-13309B81EAAA}.Debug|Any CPU.ActiveCfg = Debug|Any CPU
		{A9013214-1A58-42FA-BAA1-13309B81EAAA}.Debug|Any CPU.Build.0 = Debug|Any CPU
		{A9013214-1A58-42FA-BAA1-13309B81EAAA}.Debug|x64.ActiveCfg = Debug|Any CPU
		{A9013214-1A58-42FA-BAA1-13309B81EAAA}.Debug|x64.Build.0 = Debug|Any CPU
		{A9013214-1A58-42FA-BAA1-13309B81EAAA}.Debug|x86.ActiveCfg = Debug|Any CPU
		{A9013214-1A58-42FA-BAA1-13309B81EAAA}.Debug|x86.Build.0 = Debug|Any CPU
		{A9013214-1A58-42FA-BAA1-13309B81EAAA}.Release|Any CPU.ActiveCfg = Release|Any CPU
		{A9013214-1A58-42FA-BAA1-13309B81EAAA}.Release|Any CPU.Build.0 = Release|Any CPU
		{A9013214-1A58-42FA-BAA1-13309B81EAAA}.Release|x64.ActiveCfg = Release|Any CPU
		{A9013214-1A58-42FA-BAA1-13309B81EAAA}.Release|x64.Build.0 = Release|Any CPU
		{A9013214-1A58-42FA-BAA1-13309B81EAAA}.Release|x86.ActiveCfg = Release|Any CPU
		{A9013214-1A58-42FA-BAA1-13309B81EAAA}.Release|x86.Build.0 = Release|Any CPU
	EndGlobalSection
	GlobalSection(SolutionProperties) = preSolution
		HideSolutionNode = FALSE
	EndGlobalSection
	GlobalSection(NestedProjects) = preSolution
		{4BB51C1D-9E2D-4F46-95DC-48D5B4A27D6A} = {827E0CD3-B72D-47B6-A68D-7590B98EB39B}
		{A9013214-1A58-42FA-BAA1-13309B81EAAA} = {0AB3BF05-4346-4AA6-1389-037BE0695223}
	EndGlobalSection
EndGlobal
